// !$*UTF8*$!
{
	archiveVersion = 1;
	classes = {
	};
	objectVersion = 50;
	objects = {

/* Begin PBXBuildFile section */
		7F06DBCF242B2A0600AF9A21 /* AppDelegate.swift in Sources */ = {isa = PBXBuildFile; fileRef = 7F06DBCE242B2A0600AF9A21 /* AppDelegate.swift */; };
		7F06DBD3242B2A0600AF9A21 /* OnBoardingViewController.swift in Sources */ = {isa = PBXBuildFile; fileRef = 7F06DBD2242B2A0600AF9A21 /* OnBoardingViewController.swift */; };
		7F06DBD6242B2A0600AF9A21 /* Main.storyboard in Resources */ = {isa = PBXBuildFile; fileRef = 7F06DBD4242B2A0600AF9A21 /* Main.storyboard */; };
		7F06DBD8242B2A0B00AF9A21 /* Assets.xcassets in Resources */ = {isa = PBXBuildFile; fileRef = 7F06DBD7242B2A0B00AF9A21 /* Assets.xcassets */; };
		7F06DBDB242B2A0B00AF9A21 /* LaunchScreen.storyboard in Resources */ = {isa = PBXBuildFile; fileRef = 7F06DBD9242B2A0B00AF9A21 /* LaunchScreen.storyboard */; };
		7F06DBE3242B832100AF9A21 /* HomeViewController.swift in Sources */ = {isa = PBXBuildFile; fileRef = 7F06DBE2242B832100AF9A21 /* HomeViewController.swift */; };
/* End PBXBuildFile section */

/* Begin PBXFileReference section */
		7F06DBCB242B2A0600AF9A21 /* Swift_OnBoarding.app */ = {isa = PBXFileReference; explicitFileType = wrapper.application; includeInIndex = 0; path = Swift_OnBoarding.app; sourceTree = BUILT_PRODUCTS_DIR; };
		7F06DBCE242B2A0600AF9A21 /* AppDelegate.swift */ = {isa = PBXFileReference; lastKnownFileType = sourcecode.swift; path = AppDelegate.swift; sourceTree = "<group>"; };
		7F06DBD2242B2A0600AF9A21 /* OnBoardingViewController.swift */ = {isa = PBXFileReference; lastKnownFileType = sourcecode.swift; path = OnBoardingViewController.swift; sourceTree = "<group>"; };
		7F06DBD5242B2A0600AF9A21 /* Base */ = {isa = PBXFileReference; lastKnownFileType = file.storyboard; name = Base; path = Base.lproj/Main.storyboard; sourceTree = "<group>"; };
		7F06DBD7242B2A0B00AF9A21 /* Assets.xcassets */ = {isa = PBXFileReference; lastKnownFileType = folder.assetcatalog; path = Assets.xcassets; sourceTree = "<group>"; };
		7F06DBDA242B2A0B00AF9A21 /* Base */ = {isa = PBXFileReference; lastKnownFileType = file.storyboard; name = Base; path = Base.lproj/LaunchScreen.storyboard; sourceTree = "<group>"; };
		7F06DBDC242B2A0B00AF9A21 /* Info.plist */ = {isa = PBXFileReference; lastKnownFileType = text.plist.xml; path = Info.plist; sourceTree = "<group>"; };
		7F06DBE2242B832100AF9A21 /* HomeViewController.swift */ = {isa = PBXFileReference; lastKnownFileType = sourcecode.swift; path = HomeViewController.swift; sourceTree = "<group>"; };
/* End PBXFileReference section */

/* Begin PBXFrameworksBuildPhase section */
		7F06DBC8242B2A0600AF9A21 /* Frameworks */ = {
			isa = PBXFrameworksBuildPhase;
			buildActionMask = 2147483647;
			files = (
			);
			runOnlyForDeploymentPostprocessing = 0;
		};
/* End PBXFrameworksBuildPhase section */

/* Begin PBXGroup section */
		7F06DBC2242B2A0600AF9A21 = {
			isa = PBXGroup;
			children = (
				7F06DBCD242B2A0600AF9A21 /* Swift_OnBoarding */,
				7F06DBCC242B2A0600AF9A21 /* Products */,
			);
			sourceTree = "<group>";
		};
		7F06DBCC242B2A0600AF9A21 /* Products */ = {
			isa = PBXGroup;
			children = (
				7F06DBCB242B2A0600AF9A21 /* Swift_OnBoarding.app */,
			);
			name = Products;
			sourceTree = "<group>";
		};
		7F06DBCD242B2A0600AF9A21 /* Swift_OnBoarding */ = {
			isa = PBXGroup;
			children = (
				7F06DBCE242B2A0600AF9A21 /* AppDelegate.swift */,
				7F06DBD2242B2A0600AF9A21 /* OnBoardingViewController.swift */,
				7F06DBE2242B832100AF9A21 /* HomeViewController.swift */,
				7F06DBD4242B2A0600AF9A21 /* Main.storyboard */,
				7F06DBD7242B2A0B00AF9A21 /* Assets.xcassets */,
				7F06DBD9242B2A0B00AF9A21 /* LaunchScreen.storyboard */,
				7F06DBDC242B2A0B00AF9A21 /* Info.plist */,
			);
			path = Swift_OnBoarding;
			sourceTree = "<group>";
		};
/* End PBXGroup section */

/* Begin PBXNativeTarget section */
		7F06DBCA242B2A0600AF9A21 /* Swift_OnBoarding */ = {
			isa = PBXNativeTarget;
			buildConfigurationList = 7F06DBDF242B2A0B00AF9A21 /* Build configuration list for PBXNativeTarget "Swift_OnBoarding" */;
			buildPhases = (
				7F06DBC7242B2A0600AF9A21 /* Sources */,
				7F06DBC8242B2A0600AF9A21 /* Frameworks */,
				7F06DBC9242B2A0600AF9A21 /* Resources */,
			);
			buildRules = (
			);
			dependencies = (
			);
			name = Swift_OnBoarding;
			productName = Swift_OnBoarding;
			productReference = 7F06DBCB242B2A0600AF9A21 /* Swift_OnBoarding.app */;
			productType = "com.apple.product-type.application";
		};
/* End PBXNativeTarget section */

/* Begin PBXProject section */
		7F06DBC3242B2A0600AF9A21 /* Project object */ = {
			isa = PBXProject;
			attributes = {
				LastSwiftUpdateCheck = 1130;
				LastUpgradeCheck = 1130;
				ORGANIZATIONNAME = WeKanCode;
				TargetAttributes = {
					7F06DBCA242B2A0600AF9A21 = {
						CreatedOnToolsVersion = 11.3.1;
					};
				};
			};
			buildConfigurationList = 7F06DBC6242B2A0600AF9A21 /* Build configuration list for PBXProject "Swift_OnBoarding" */;
			compatibilityVersion = "Xcode 9.3";
			developmentRegion = en;
			hasScannedForEncodings = 0;
			knownRegions = (
				en,
				Base,
			);
			mainGroup = 7F06DBC2242B2A0600AF9A21;
			productRefGroup = 7F06DBCC242B2A0600AF9A21 /* Products */;
			projectDirPath = "";
			projectRoot = "";
			targets = (
				7F06DBCA242B2A0600AF9A21 /* Swift_OnBoarding */,
			);
		};
/* End PBXProject section */

/* Begin PBXResourcesBuildPhase section */
		7F06DBC9242B2A0600AF9A21 /* Resources */ = {
			isa = PBXResourcesBuildPhase;
			buildActionMask = 2147483647;
			files = (
				7F06DBDB242B2A0B00AF9A21 /* LaunchScreen.storyboard in Resources */,
				7F06DBD8242B2A0B00AF9A21 /* Assets.xcassets in Resources */,
				7F06DBD6242B2A0600AF9A21 /* Main.storyboard in Resources */,
			);
			runOnlyForDeploymentPostprocessing = 0;
		};
/* End PBXResourcesBuildPhase section */

/* Begin PBXSourcesBuildPhase section */
		7F06DBC7242B2A0600AF9A21 /* Sources */ = {
			isa = PBXSourcesBuildPhase;
			buildActionMask = 2147483647;
			files = (
				7F06DBD3242B2A0600AF9A21 /* OnBoardingViewController.swift in Sources */,
				7F06DBCF242B2A0600AF9A21 /* AppDelegate.swift in Sources */,
				7F06DBE3242B832100AF9A21 /* HomeViewController.swift in Sources */,
			);
			runOnlyForDeploymentPostprocessing = 0;
		};
/* End PBXSourcesBuildPhase section */

/* Begin PBXVariantGroup section */
		7F06DBD4242B2A0600AF9A21 /* Main.storyboard */ = {
			isa = PBXVariantGroup;
			children = (
				7F06DBD5242B2A0600AF9A21 /* Base */,
			);
			name = Main.storyboard;
			sourceTree = "<group>";
		};
		7F06DBD9242B2A0B00AF9A21 /* LaunchScreen.storyboard */ = {
			isa = PBXVariantGroup;
			children = (
				7F06DBDA242B2A0B00AF9A21 /* Base */,
			);
			name = LaunchScreen.storyboard;
			sourceTree = "<group>";
		};
/* End PBXVariantGroup section */

/* Begin XCBuildConfiguration section */
		7F06DBDD242B2A0B00AF9A21 /* Debug */ = {
			isa = XCBuildConfiguration;
			buildSettings = {
				ALWAYS_SEARCH_USER_PATHS = NO;
				CLANG_ANALYZER_NONNULL = YES;
				CLANG_ANALYZER_NUMBER_OBJECT_CONVERSION = YES_AGGRESSIVE;
				CLANG_CXX_LANGUAGE_STANDARD = "gnu++14";
				CLANG_CXX_LIBRARY = "libc++";
				CLANG_ENABLE_MODULES = YES;
				CLANG_ENABLE_OBJC_ARC = YES;
				CLANG_ENABLE_OBJC_WEAK = YES;
				CLANG_WARN_BLOCK_CAPTURE_AUTORELEASING = YES;
				CLANG_WARN_BOOL_CONVERSION = YES;
				CLANG_WARN_COMMA = YES;
				CLANG_WARN_CONSTANT_CONVERSION = YES;
				CLANG_WARN_DEPRECATED_OBJC_IMPLEMENTATIONS = YES;
				CLANG_WARN_DIRECT_OBJC_ISA_USAGE = YES_ERROR;
				CLANG_WARN_DOCUMENTATION_COMMENTS = YES;
				CLANG_WARN_EMPTY_BODY = YES;
				CLANG_WARN_ENUM_CONVERSION = YES;
				CLANG_WARN_INFINITE_RECURSION = YES;
				CLANG_WARN_INT_CONVERSION = YES;
				CLANG_WARN_NON_LITERAL_NULL_CONVERSION = YES;
				CLANG_WARN_OBJC_IMPLICIT_RETAIN_SELF = YES;
				CLANG_WARN_OBJC_LITERAL_CONVERSION = YES;
				CLANG_WARN_OBJC_ROOT_CLASS = YES_ERROR;
				CLANG_WARN_RANGE_LOOP_ANALYSIS = YES;
				CLANG_WARN_STRICT_PROTOTYPES = YES;
				CLANG_WARN_SUSPICIOUS_MOVE = YES;
				CLANG_WARN_UNGUARDED_AVAILABILITY = YES_AGGRESSIVE;
				CLANG_WARN_UNREACHABLE_CODE = YES;
				CLANG_WARN__DUPLICATE_METHOD_MATCH = YES;
				COPY_PHASE_STRIP = NO;
				DEBUG_INFORMATION_FORMAT = dwarf;
				ENABLE_STRICT_OBJC_MSGSEND = YES;
				ENABLE_TESTABILITY = YES;
				GCC_C_LANGUAGE_STANDARD = gnu11;
				GCC_DYNAMIC_NO_PIC = NO;
				GCC_NO_COMMON_BLOCKS = YES;
				GCC_OPTIMIZATION_LEVEL = 0;
				GCC_PREPROCESSOR_DEFINITIONS = (
					"DEBUG=1",
					"$(inherited)",
				);
				GCC_WARN_64_TO_32_BIT_CONVERSION = YES;
				GCC_WARN_ABOUT_RETURN_TYPE = YES_ERROR;
				GCC_WARN_UNDECLARED_SELECTOR = YES;
				GCC_WARN_UNINITIALIZED_AUTOS = YES_AGGRESSIVE;
				GCC_WARN_UNUSED_FUNCTION = YES;
				GCC_WARN_UNUSED_VARIABLE = YES;
				IPHONEOS_DEPLOYMENT_TARGET = 13.2;
				MTL_ENABLE_DEBUG_INFO = INCLUDE_SOURCE;
				MTL_FAST_MATH = YES;
				ONLY_ACTIVE_ARCH = YES;
				SDKROOT = iphoneos;
				SWIFT_ACTIVE_COMPILATION_CONDITIONS = DEBUG;
				SWIFT_OPTIMIZATION_LEVEL = "-Onone";
			};
			name = Debug;
		};
		7F06DBDE242B2A0B00AF9A21 /* Release */ = {
			isa = XCBuildConfiguration;
			buildSettings = {
				ALWAYS_SEARCH_USER_PATHS = NO;
				CLANG_ANALYZER_NONNULL = YES;
				CLANG_ANALYZER_NUMBER_OBJECT_CONVERSION = YES_AGGRESSIVE;
				CLANG_CXX_LANGUAGE_STANDARD = "gnu++14";
				CLANG_CXX_LIBRARY = "libc++";
				CLANG_ENABLE_MODULES = YES;
				CLANG_ENABLE_OBJC_ARC = YES;
				CLANG_ENABLE_OBJC_WEAK = YES;
				CLANG_WARN_BLOCK_CAPTURE_AUTORELEASING = YES;
				CLANG_WARN_BOOL_CONVERSION = YES;
				CLANG_WARN_COMMA = YES;
				CLANG_WARN_CONSTANT_CONVERSION = YES;
				CLANG_WARN_DEPRECATED_OBJC_IMPLEMENTATIONS = YES;
				CLANG_WARN_DIRECT_OBJC_ISA_USAGE = YES_ERROR;
				CLANG_WARN_DOCUMENTATION_COMMENTS = YES;
				CLANG_WARN_EMPTY_BODY = YES;
				CLANG_WARN_ENUM_CONVERSION = YES;
				CLANG_WARN_INFINITE_RECURSION = YES;
				CLANG_WARN_INT_CONVERSION = YES;
				CLANG_WARN_NON_LITERAL_NULL_CONVERSION = YES;
				CLANG_WARN_OBJC_IMPLICIT_RETAIN_SELF = YES;
				CLANG_WARN_OBJC_LITERAL_CONVERSION = YES;
				CLANG_WARN_OBJC_ROOT_CLASS = YES_ERROR;
				CLANG_WARN_RANGE_LOOP_ANALYSIS = YES;
				CLANG_WARN_STRICT_PROTOTYPES = YES;
				CLANG_WARN_SUSPICIOUS_MOVE = YES;
				CLANG_WARN_UNGUARDED_AVAILABILITY = YES_AGGRESSIVE;
				CLANG_WARN_UNREACHABLE_CODE = YES;
				CLANG_WARN__DUPLICATE_METHOD_MATCH = YES;
				COPY_PHASE_STRIP = NO;
				DEBUG_INFORMATION_FORMAT = "dwarf-with-dsym";
				ENABLE_NS_ASSERTIONS = NO;
				ENABLE_STRICT_OBJC_MSGSEND = YES;
				GCC_C_LANGUAGE_STANDARD = gnu11;
				GCC_NO_COMMON_BLOCKS = YES;
				GCC_WARN_64_TO_32_BIT_CONVERSION = YES;
				GCC_WARN_ABOUT_RETURN_TYPE = YES_ERROR;
				GCC_WARN_UNDECLARED_SELECTOR = YES;
				GCC_WARN_UNINITIALIZED_AUTOS = YES_AGGRESSIVE;
				GCC_WARN_UNUSED_FUNCTION = YES;
				GCC_WARN_UNUSED_VARIABLE = YES;
				IPHONEOS_DEPLOYMENT_TARGET = 13.2;
				MTL_ENABLE_DEBUG_INFO = NO;
				MTL_FAST_MATH = YES;
				SDKROOT = iphoneos;
				SWIFT_COMPILATION_MODE = wholemodule;
				SWIFT_OPTIMIZATION_LEVEL = "-O";
				VALIDATE_PRODUCT = YES;
			};
			name = Release;
		};
		7F06DBE0242B2A0B00AF9A21 /* Debug */ = {
			isa = XCBuildConfiguration;
			buildSettings = {
				ASSETCATALOG_COMPILER_APPICON_NAME = AppIcon;
				CODE_SIGN_STYLE = Automatic;
				DEVELOPMENT_TEAM = H972GMBYZ9;
				INFOPLIST_FILE = Swift_OnBoarding/Info.plist;
				LD_RUNPATH_SEARCH_PATHS = (
					"$(inherited)",
					"@executable_path/Frameworks",
				);
				PRODUCT_BUNDLE_IDENTIFIER = "com.wekancode.Swift-OnBoarding";
				PRODUCT_NAME = "$(TARGET_NAME)";
				SWIFT_VERSION = 5.0;
				TARGETED_DEVICE_FAMILY = "1,2";
			};
			name = Debug;
		};
		7F06DBE1242B2A0B00AF9A21 /* Release */ = {
			isa = XCBuildConfiguration;
			buildSettings = {
				ASSETCATALOG_COMPILER_APPICON_NAME = AppIcon;
				CODE_SIGN_STYLE = Automatic;
				DEVELOPMENT_TEAM = H972GMBYZ9;
				INFOPLIST_FILE = Swift_OnBoarding/Info.plist;
				LD_RUNPATH_SEARCH_PATHS = (
					"$(inherited)",
					"@executable_path/Frameworks",
				);
				PRODUCT_BUNDLE_IDENTIFIER = "com.wekancode.Swift-OnBoarding";
				PRODUCT_NAME = "$(TARGET_NAME)";
				SWIFT_VERSION = 5.0;
				TARGETED_DEVICE_FAMILY = "1,2";
			};
			name = Release;
		};
/* End XCBuildConfiguration section */

/* Begin XCConfigurationList section */
		7F06DBC6242B2A0600AF9A21 /* Build configuration list for PBXProject "Swift_OnBoarding" */ = {
			isa = XCConfigurationList;
			buildConfigurations = (
				7F06DBDD242B2A0B00AF9A21 /* Debug */,
				7F06DBDE242B2A0B00AF9A21 /* Release */,
			);
			defaultConfigurationIsVisible = 0;
			defaultConfigurationName = Release;
		};
		7F06DBDF242B2A0B00AF9A21 /* Build configuration list for PBXNativeTarget "Swift_OnBoarding" */ = {
			isa = XCConfigurationList;
			buildConfigurations = (
				7F06DBE0242B2A0B00AF9A21 /* Debug */,
				7F06DBE1242B2A0B00AF9A21 /* Release */,
			);
			defaultConfigurationIsVisible = 0;
			defaultConfigurationName = Release;
		};
/* End XCConfigurationList section */
	};
	rootObject = 7F06DBC3242B2A0600AF9A21 /* Project object */;
}
